
Microsoft Visual Studio Solution File, Format Version 11.00
# Visual Studio 2010
Project("{FAE04EC0-301F-11D3-BF4B-00C04F79EFBC}") = "NewAssembly", "NewAssembly.csproj", "{7F56A025-A5D7-B23C-00F7-904FE5DEBB81}"
EndProject
Global
	GlobalSection(SolutionConfigurationPlatforms) = preSolution
		Debug|Any CPU = Debug|Any CPU
		Release|Any CPU = Release|Any CPU
	EndGlobalSection
	GlobalSection(ProjectConfigurationPlatforms) = postSolution
		{7F56A025-A5D7-B23C-00F7-904FE5DEBB81}.Debug|Any CPU.ActiveCfg = Debug|Any CPU
		{7F56A025-A5D7-B23C-00F7-904FE5DEBB81}.Debug|Any CPU.Build.0 = Debug|Any CPU
		{7F56A025-A5D7-B23C-00F7-904FE5DEBB81}.Release|Any CPU.ActiveCfg = Release|Any CPU
		{7F56A025-A5D7-B23C-00F7-904FE5DEBB81}.Release|Any CPU.Build.0 = Release|Any CPU
	EndGlobalSection
	GlobalSection(SolutionProperties) = preSolution
		HideSolutionNode = FALSE
	EndGlobalSection
EndGlobal
