
Microsoft Visual Studio Solution File, Format Version 11.00
# Visual Studio 2010
Project("{FAE04EC0-301F-11D3-BF4B-00C04F79EFBC}") = "NewAssembly", "NewAssembly.csproj", "{47785778-A91B-1C06-5387-C5D732F4F231}"
EndProject
Project("{FAE04EC0-301F-11D3-BF4B-00C04F79EFBC}") = "Tests", "Tests.csproj", "{469FC3CD-750E-3F77-1300-DCC825A32032}"
EndProject
Global
	GlobalSection(SolutionConfigurationPlatforms) = preSolution
		Debug|Any CPU = Debug|Any CPU
		Release|Any CPU = Release|Any CPU
	EndGlobalSection
	GlobalSection(ProjectConfigurationPlatforms) = postSolution
		{47785778-A91B-1C06-5387-C5D732F4F231}.Debug|Any CPU.ActiveCfg = Debug|Any CPU
		{47785778-A91B-1C06-5387-C5D732F4F231}.Debug|Any CPU.Build.0 = Debug|Any CPU
		{47785778-A91B-1C06-5387-C5D732F4F231}.Release|Any CPU.ActiveCfg = Release|Any CPU
		{47785778-A91B-1C06-5387-C5D732F4F231}.Release|Any CPU.Build.0 = Release|Any CPU
		{469FC3CD-750E-3F77-1300-DCC825A32032}.Debug|Any CPU.ActiveCfg = Debug|Any CPU
		{469FC3CD-750E-3F77-1300-DCC825A32032}.Debug|Any CPU.Build.0 = Debug|Any CPU
		{469FC3CD-750E-3F77-1300-DCC825A32032}.Release|Any CPU.ActiveCfg = Release|Any CPU
		{469FC3CD-750E-3F77-1300-DCC825A32032}.Release|Any CPU.Build.0 = Release|Any CPU
	EndGlobalSection
	GlobalSection(SolutionProperties) = preSolution
		HideSolutionNode = FALSE
	EndGlobalSection
EndGlobal
